// !$*UTF8*$!
{
	archiveVersion = 1;
	classes = {
	};
	objectVersion = 48;
	objects = {

/* Begin PBXBuildFile section */
		7AC38478210C5B0D00E166E9 /* AppDelegate.swift in Sources */ = {isa = PBXBuildFile; fileRef = 7AC38477210C5B0D00E166E9 /* AppDelegate.swift */; };
		7AC3847A210C5B0D00E166E9 /* ViewController.swift in Sources */ = {isa = PBXBuildFile; fileRef = 7AC38479210C5B0D00E166E9 /* ViewController.swift */; };
		7AC3847D210C5B0D00E166E9 /* Main.storyboard in Resources */ = {isa = PBXBuildFile; fileRef = 7AC3847B210C5B0D00E166E9 /* Main.storyboard */; };
		7AC38480210C5B0D00E166E9 /* InstagramProject.xcdatamodeld in Sources */ = {isa = PBXBuildFile; fileRef = 7AC3847E210C5B0D00E166E9 /* InstagramProject.xcdatamodeld */; };
		7AC38482210C5B0D00E166E9 /* Assets.xcassets in Resources */ = {isa = PBXBuildFile; fileRef = 7AC38481210C5B0D00E166E9 /* Assets.xcassets */; };
		7AC38485210C5B0D00E166E9 /* LaunchScreen.storyboard in Resources */ = {isa = PBXBuildFile; fileRef = 7AC38483210C5B0D00E166E9 /* LaunchScreen.storyboard */; };
		7AC38490210C5B0D00E166E9 /* InstagramProjectTests.swift in Sources */ = {isa = PBXBuildFile; fileRef = 7AC3848F210C5B0D00E166E9 /* InstagramProjectTests.swift */; };
		7AC3849B210C5B0D00E166E9 /* InstagramProjectUITests.swift in Sources */ = {isa = PBXBuildFile; fileRef = 7AC3849A210C5B0D00E166E9 /* InstagramProjectUITests.swift */; };
/* End PBXBuildFile section */

/* Begin PBXContainerItemProxy section */
		7AC3848C210C5B0D00E166E9 /* PBXContainerItemProxy */ = {
			isa = PBXContainerItemProxy;
			containerPortal = 7AC3846C210C5B0C00E166E9 /* Project object */;
			proxyType = 1;
			remoteGlobalIDString = 7AC38473210C5B0D00E166E9;
			remoteInfo = InstagramProject;
		};
		7AC38497210C5B0D00E166E9 /* PBXContainerItemProxy */ = {
			isa = PBXContainerItemProxy;
			containerPortal = 7AC3846C210C5B0C00E166E9 /* Project object */;
			proxyType = 1;
			remoteGlobalIDString = 7AC38473210C5B0D00E166E9;
			remoteInfo = InstagramProject;
		};
/* End PBXContainerItemProxy section */

/* Begin PBXFileReference section */
		7AC38474210C5B0D00E166E9 /* InstagramProject.app */ = {isa = PBXFileReference; explicitFileType = wrapper.application; includeInIndex = 0; path = InstagramProject.app; sourceTree = BUILT_PRODUCTS_DIR; };
		7AC38477210C5B0D00E166E9 /* AppDelegate.swift */ = {isa = PBXFileReference; lastKnownFileType = sourcecode.swift; path = AppDelegate.swift; sourceTree = "<group>"; };
		7AC38479210C5B0D00E166E9 /* ViewController.swift */ = {isa = PBXFileReference; lastKnownFileType = sourcecode.swift; path = ViewController.swift; sourceTree = "<group>"; };
		7AC3847C210C5B0D00E166E9 /* Base */ = {isa = PBXFileReference; lastKnownFileType = file.storyboard; name = Base; path = Base.lproj/Main.storyboard; sourceTree = "<group>"; };
		7AC3847F210C5B0D00E166E9 /* InstagramProject.xcdatamodel */ = {isa = PBXFileReference; lastKnownFileType = wrapper.xcdatamodel; path = InstagramProject.xcdatamodel; sourceTree = "<group>"; };
		7AC38481210C5B0D00E166E9 /* Assets.xcassets */ = {isa = PBXFileReference; lastKnownFileType = folder.assetcatalog; path = Assets.xcassets; sourceTree = "<group>"; };
		7AC38484210C5B0D00E166E9 /* Base */ = {isa = PBXFileReference; lastKnownFileType = file.storyboard; name = Base; path = Base.lproj/LaunchScreen.storyboard; sourceTree = "<group>"; };
		7AC38486210C5B0D00E166E9 /* Info.plist */ = {isa = PBXFileReference; lastKnownFileType = text.plist.xml; path = Info.plist; sourceTree = "<group>"; };
		7AC3848B210C5B0D00E166E9 /* InstagramProjectTests.xctest */ = {isa = PBXFileReference; explicitFileType = wrapper.cfbundle; includeInIndex = 0; path = InstagramProjectTests.xctest; sourceTree = BUILT_PRODUCTS_DIR; };
		7AC3848F210C5B0D00E166E9 /* InstagramProjectTests.swift */ = {isa = PBXFileReference; lastKnownFileType = sourcecode.swift; path = InstagramProjectTests.swift; sourceTree = "<group>"; };
		7AC38491210C5B0D00E166E9 /* Info.plist */ = {isa = PBXFileReference; lastKnownFileType = text.plist.xml; path = Info.plist; sourceTree = "<group>"; };
		7AC38496210C5B0D00E166E9 /* InstagramProjectUITests.xctest */ = {isa = PBXFileReference; explicitFileType = wrapper.cfbundle; includeInIndex = 0; path = InstagramProjectUITests.xctest; sourceTree = BUILT_PRODUCTS_DIR; };
		7AC3849A210C5B0D00E166E9 /* InstagramProjectUITests.swift */ = {isa = PBXFileReference; lastKnownFileType = sourcecode.swift; path = InstagramProjectUITests.swift; sourceTree = "<group>"; };
		7AC3849C210C5B0D00E166E9 /* Info.plist */ = {isa = PBXFileReference; lastKnownFileType = text.plist.xml; path = Info.plist; sourceTree = "<group>"; };
/* End PBXFileReference section */

/* Begin PBXFrameworksBuildPhase section */
		7AC38471210C5B0D00E166E9 /* Frameworks */ = {
			isa = PBXFrameworksBuildPhase;
			buildActionMask = 2147483647;
			files = (
			);
			runOnlyForDeploymentPostprocessing = 0;
		};
		7AC38488210C5B0D00E166E9 /* Frameworks */ = {
			isa = PBXFrameworksBuildPhase;
			buildActionMask = 2147483647;
			files = (
			);
			runOnlyForDeploymentPostprocessing = 0;
		};
		7AC38493210C5B0D00E166E9 /* Frameworks */ = {
			isa = PBXFrameworksBuildPhase;
			buildActionMask = 2147483647;
			files = (
			);
			runOnlyForDeploymentPostprocessing = 0;
		};
/* End PBXFrameworksBuildPhase section */

/* Begin PBXGroup section */
		7AC3846B210C5B0C00E166E9 = {
			isa = PBXGroup;
			children = (
				7AC38476210C5B0D00E166E9 /* InstagramProject */,
				7AC3848E210C5B0D00E166E9 /* InstagramProjectTests */,
				7AC38499210C5B0D00E166E9 /* InstagramProjectUITests */,
				7AC38475210C5B0D00E166E9 /* Products */,
			);
			sourceTree = "<group>";
		};
		7AC38475210C5B0D00E166E9 /* Products */ = {
			isa = PBXGroup;
			children = (
				7AC38474210C5B0D00E166E9 /* InstagramProject.app */,
				7AC3848B210C5B0D00E166E9 /* InstagramProjectTests.xctest */,
				7AC38496210C5B0D00E166E9 /* InstagramProjectUITests.xctest */,
			);
			name = Products;
			sourceTree = "<group>";
		};
		7AC38476210C5B0D00E166E9 /* InstagramProject */ = {
			isa = PBXGroup;
			children = (
				7AC38477210C5B0D00E166E9 /* AppDelegate.swift */,
				7AC38479210C5B0D00E166E9 /* ViewController.swift */,
				7AC3847B210C5B0D00E166E9 /* Main.storyboard */,
				7AC38481210C5B0D00E166E9 /* Assets.xcassets */,
				7AC38483210C5B0D00E166E9 /* LaunchScreen.storyboard */,
				7AC38486210C5B0D00E166E9 /* Info.plist */,
				7AC3847E210C5B0D00E166E9 /* InstagramProject.xcdatamodeld */,
			);
			path = InstagramProject;
			sourceTree = "<group>";
		};
		7AC3848E210C5B0D00E166E9 /* InstagramProjectTests */ = {
			isa = PBXGroup;
			children = (
				7AC3848F210C5B0D00E166E9 /* InstagramProjectTests.swift */,
				7AC38491210C5B0D00E166E9 /* Info.plist */,
			);
			path = InstagramProjectTests;
			sourceTree = "<group>";
		};
		7AC38499210C5B0D00E166E9 /* InstagramProjectUITests */ = {
			isa = PBXGroup;
			children = (
				7AC3849A210C5B0D00E166E9 /* InstagramProjectUITests.swift */,
				7AC3849C210C5B0D00E166E9 /* Info.plist */,
			);
			path = InstagramProjectUITests;
			sourceTree = "<group>";
		};
/* End PBXGroup section */

/* Begin PBXNativeTarget section */
		7AC38473210C5B0D00E166E9 /* InstagramProject */ = {
			isa = PBXNativeTarget;
			buildConfigurationList = 7AC3849F210C5B0D00E166E9 /* Build configuration list for PBXNativeTarget "InstagramProject" */;
			buildPhases = (
				7AC38470210C5B0D00E166E9 /* Sources */,
				7AC38471210C5B0D00E166E9 /* Frameworks */,
				7AC38472210C5B0D00E166E9 /* Resources */,
			);
			buildRules = (
			);
			dependencies = (
			);
			name = InstagramProject;
			productName = InstagramProject;
			productReference = 7AC38474210C5B0D00E166E9 /* InstagramProject.app */;
			productType = "com.apple.product-type.application";
		};
		7AC3848A210C5B0D00E166E9 /* InstagramProjectTests */ = {
			isa = PBXNativeTarget;
			buildConfigurationList = 7AC384A2210C5B0D00E166E9 /* Build configuration list for PBXNativeTarget "InstagramProjectTests" */;
			buildPhases = (
				7AC38487210C5B0D00E166E9 /* Sources */,
				7AC38488210C5B0D00E166E9 /* Frameworks */,
				7AC38489210C5B0D00E166E9 /* Resources */,
			);
			buildRules = (
			);
			dependencies = (
				7AC3848D210C5B0D00E166E9 /* PBXTargetDependency */,
			);
			name = InstagramProjectTests;
			productName = InstagramProjectTests;
			productReference = 7AC3848B210C5B0D00E166E9 /* InstagramProjectTests.xctest */;
			productType = "com.apple.product-type.bundle.unit-test";
		};
		7AC38495210C5B0D00E166E9 /* InstagramProjectUITests */ = {
			isa = PBXNativeTarget;
			buildConfigurationList = 7AC384A5210C5B0D00E166E9 /* Build configuration list for PBXNativeTarget "InstagramProjectUITests" */;
			buildPhases = (
				7AC38492210C5B0D00E166E9 /* Sources */,
				7AC38493210C5B0D00E166E9 /* Frameworks */,
				7AC38494210C5B0D00E166E9 /* Resources */,
			);
			buildRules = (
			);
			dependencies = (
				7AC38498210C5B0D00E166E9 /* PBXTargetDependency */,
			);
			name = InstagramProjectUITests;
			productName = InstagramProjectUITests;
			productReference = 7AC38496210C5B0D00E166E9 /* InstagramProjectUITests.xctest */;
			productType = "com.apple.product-type.bundle.ui-testing";
		};
/* End PBXNativeTarget section */

/* Begin PBXProject section */
		7AC3846C210C5B0C00E166E9 /* Project object */ = {
			isa = PBXProject;
			attributes = {
				LastSwiftUpdateCheck = 0920;
				LastUpgradeCheck = 0920;
				ORGANIZATIONNAME = Ankita;
				TargetAttributes = {
					7AC38473210C5B0D00E166E9 = {
						CreatedOnToolsVersion = 9.2;
						ProvisioningStyle = Automatic;
					};
					7AC3848A210C5B0D00E166E9 = {
						CreatedOnToolsVersion = 9.2;
						ProvisioningStyle = Automatic;
						TestTargetID = 7AC38473210C5B0D00E166E9;
					};
					7AC38495210C5B0D00E166E9 = {
						CreatedOnToolsVersion = 9.2;
						ProvisioningStyle = Automatic;
						TestTargetID = 7AC38473210C5B0D00E166E9;
					};
				};
			};
			buildConfigurationList = 7AC3846F210C5B0C00E166E9 /* Build configuration list for PBXProject "InstagramProject" */;
			compatibilityVersion = "Xcode 8.0";
			developmentRegion = en;
			hasScannedForEncodings = 0;
			knownRegions = (
				en,
				Base,
			);
			mainGroup = 7AC3846B210C5B0C00E166E9;
			productRefGroup = 7AC38475210C5B0D00E166E9 /* Products */;
			projectDirPath = "";
			projectRoot = "";
			targets = (
				7AC38473210C5B0D00E166E9 /* InstagramProject */,
				7AC3848A210C5B0D00E166E9 /* InstagramProjectTests */,
				7AC38495210C5B0D00E166E9 /* InstagramProjectUITests */,
			);
		};
/* End PBXProject section */

/* Begin PBXResourcesBuildPhase section */
		7AC38472210C5B0D00E166E9 /* Resources */ = {
			isa = PBXResourcesBuildPhase;
			buildActionMask = 2147483647;
			files = (
				7AC38485210C5B0D00E166E9 /* LaunchScreen.storyboard in Resources */,
				7AC38482210C5B0D00E166E9 /* Assets.xcassets in Resources */,
				7AC3847D210C5B0D00E166E9 /* Main.storyboard in Resources */,
			);
			runOnlyForDeploymentPostprocessing = 0;
		};
		7AC38489210C5B0D00E166E9 /* Resources */ = {
			isa = PBXResourcesBuildPhase;
			buildActionMask = 2147483647;
			files = (
			);
			runOnlyForDeploymentPostprocessing = 0;
		};
		7AC38494210C5B0D00E166E9 /* Resources */ = {
			isa = PBXResourcesBuildPhase;
			buildActionMask = 2147483647;
			files = (
			);
			runOnlyForDeploymentPostprocessing = 0;
		};
/* End PBXResourcesBuildPhase section */

/* Begin PBXSourcesBuildPhase section */
		7AC38470210C5B0D00E166E9 /* Sources */ = {
			isa = PBXSourcesBuildPhase;
			buildActionMask = 2147483647;
			files = (
				7AC3847A210C5B0D00E166E9 /* ViewController.swift in Sources */,
				7AC38480210C5B0D00E166E9 /* InstagramProject.xcdatamodeld in Sources */,
				7AC38478210C5B0D00E166E9 /* AppDelegate.swift in Sources */,
			);
			runOnlyForDeploymentPostprocessing = 0;
		};
		7AC38487210C5B0D00E166E9 /* Sources */ = {
			isa = PBXSourcesBuildPhase;
			buildActionMask = 2147483647;
			files = (
				7AC38490210C5B0D00E166E9 /* InstagramProjectTests.swift in Sources */,
			);
			runOnlyForDeploymentPostprocessing = 0;
		};
		7AC38492210C5B0D00E166E9 /* Sources */ = {
			isa = PBXSourcesBuildPhase;
			buildActionMask = 2147483647;
			files = (
				7AC3849B210C5B0D00E166E9 /* InstagramProjectUITests.swift in Sources */,
			);
			runOnlyForDeploymentPostprocessing = 0;
		};
/* End PBXSourcesBuildPhase section */

/* Begin PBXTargetDependency section */
		7AC3848D210C5B0D00E166E9 /* PBXTargetDependency */ = {
			isa = PBXTargetDependency;
			target = 7AC38473210C5B0D00E166E9 /* InstagramProject */;
			targetProxy = 7AC3848C210C5B0D00E166E9 /* PBXContainerItemProxy */;
		};
		7AC38498210C5B0D00E166E9 /* PBXTargetDependency */ = {
			isa = PBXTargetDependency;
			target = 7AC38473210C5B0D00E166E9 /* InstagramProject */;
			targetProxy = 7AC38497210C5B0D00E166E9 /* PBXContainerItemProxy */;
		};
/* End PBXTargetDependency section */

/* Begin PBXVariantGroup section */
		7AC3847B210C5B0D00E166E9 /* Main.storyboard */ = {
			isa = PBXVariantGroup;
			children = (
				7AC3847C210C5B0D00E166E9 /* Base */,
			);
			name = Main.storyboard;
			sourceTree = "<group>";
		};
		7AC38483210C5B0D00E166E9 /* LaunchScreen.storyboard */ = {
			isa = PBXVariantGroup;
			children = (
				7AC38484210C5B0D00E166E9 /* Base */,
			);
			name = LaunchScreen.storyboard;
			sourceTree = "<group>";
		};
/* End PBXVariantGroup section */

/* Begin XCBuildConfiguration section */
		7AC3849D210C5B0D00E166E9 /* Debug */ = {
			isa = XCBuildConfiguration;
			buildSettings = {
				ALWAYS_SEARCH_USER_PATHS = NO;
				CLANG_ANALYZER_NONNULL = YES;
				CLANG_ANALYZER_NUMBER_OBJECT_CONVERSION = YES_AGGRESSIVE;
				CLANG_CXX_LANGUAGE_STANDARD = "gnu++14";
				CLANG_CXX_LIBRARY = "libc++";
				CLANG_ENABLE_MODULES = YES;
				CLANG_ENABLE_OBJC_ARC = YES;
				CLANG_WARN_BLOCK_CAPTURE_AUTORELEASING = YES;
				CLANG_WARN_BOOL_CONVERSION = YES;
				CLANG_WARN_COMMA = YES;
				CLANG_WARN_CONSTANT_CONVERSION = YES;
				CLANG_WARN_DIRECT_OBJC_ISA_USAGE = YES_ERROR;
				CLANG_WARN_DOCUMENTATION_COMMENTS = YES;
				CLANG_WARN_EMPTY_BODY = YES;
				CLANG_WARN_ENUM_CONVERSION = YES;
				CLANG_WARN_INFINITE_RECURSION = YES;
				CLANG_WARN_INT_CONVERSION = YES;
				CLANG_WARN_NON_LITERAL_NULL_CONVERSION = YES;
				CLANG_WARN_OBJC_LITERAL_CONVERSION = YES;
				CLANG_WARN_OBJC_ROOT_CLASS = YES_ERROR;
				CLANG_WARN_RANGE_LOOP_ANALYSIS = YES;
				CLANG_WARN_STRICT_PROTOTYPES = YES;
				CLANG_WARN_SUSPICIOUS_MOVE = YES;
				CLANG_WARN_UNGUARDED_AVAILABILITY = YES_AGGRESSIVE;
				CLANG_WARN_UNREACHABLE_CODE = YES;
				CLANG_WARN__DUPLICATE_METHOD_MATCH = YES;
				CODE_SIGN_IDENTITY = "iPhone Developer";
				COPY_PHASE_STRIP = NO;
				DEBUG_INFORMATION_FORMAT = dwarf;
				ENABLE_STRICT_OBJC_MSGSEND = YES;
				ENABLE_TESTABILITY = YES;
				GCC_C_LANGUAGE_STANDARD = gnu11;
				GCC_DYNAMIC_NO_PIC = NO;
				GCC_NO_COMMON_BLOCKS = YES;
				GCC_OPTIMIZATION_LEVEL = 0;
				GCC_PREPROCESSOR_DEFINITIONS = (
					"DEBUG=1",
					"$(inherited)",
				);
				GCC_WARN_64_TO_32_BIT_CONVERSION = YES;
				GCC_WARN_ABOUT_RETURN_TYPE = YES_ERROR;
				GCC_WARN_UNDECLARED_SELECTOR = YES;
				GCC_WARN_UNINITIALIZED_AUTOS = YES_AGGRESSIVE;
				GCC_WARN_UNUSED_FUNCTION = YES;
				GCC_WARN_UNUSED_VARIABLE = YES;
				IPHONEOS_DEPLOYMENT_TARGET = 11.2;
				MTL_ENABLE_DEBUG_INFO = YES;
				ONLY_ACTIVE_ARCH = YES;
				SDKROOT = iphoneos;
				SWIFT_ACTIVE_COMPILATION_CONDITIONS = DEBUG;
				SWIFT_OPTIMIZATION_LEVEL = "-Onone";
			};
			name = Debug;
		};
		7AC3849E210C5B0D00E166E9 /* Release */ = {
			isa = XCBuildConfiguration;
			buildSettings = {
				ALWAYS_SEARCH_USER_PATHS = NO;
				CLANG_ANALYZER_NONNULL = YES;
				CLANG_ANALYZER_NUMBER_OBJECT_CONVERSION = YES_AGGRESSIVE;
				CLANG_CXX_LANGUAGE_STANDARD = "gnu++14";
				CLANG_CXX_LIBRARY = "libc++";
				CLANG_ENABLE_MODULES = YES;
				CLANG_ENABLE_OBJC_ARC = YES;
				CLANG_WARN_BLOCK_CAPTURE_AUTORELEASING = YES;
				CLANG_WARN_BOOL_CONVERSION = YES;
				CLANG_WARN_COMMA = YES;
				CLANG_WARN_CONSTANT_CONVERSION = YES;
				CLANG_WARN_DIRECT_OBJC_ISA_USAGE = YES_ERROR;
				CLANG_WARN_DOCUMENTATION_COMMENTS = YES;
				CLANG_WARN_EMPTY_BODY = YES;
				CLANG_WARN_ENUM_CONVERSION = YES;
				CLANG_WARN_INFINITE_RECURSION = YES;
				CLANG_WARN_INT_CONVERSION = YES;
				CLANG_WARN_NON_LITERAL_NULL_CONVERSION = YES;
				CLANG_WARN_OBJC_LITERAL_CONVERSION = YES;
				CLANG_WARN_OBJC_ROOT_CLASS = YES_ERROR;
				CLANG_WARN_RANGE_LOOP_ANALYSIS = YES;
				CLANG_WARN_STRICT_PROTOTYPES = YES;
				CLANG_WARN_SUSPICIOUS_MOVE = YES;
				CLANG_WARN_UNGUARDED_AVAILABILITY = YES_AGGRESSIVE;
				CLANG_WARN_UNREACHABLE_CODE = YES;
				CLANG_WARN__DUPLICATE_METHOD_MATCH = YES;
				CODE_SIGN_IDENTITY = "iPhone Developer";
				COPY_PHASE_STRIP = NO;
				DEBUG_INFORMATION_FORMAT = "dwarf-with-dsym";
				ENABLE_NS_ASSERTIONS = NO;
				ENABLE_STRICT_OBJC_MSGSEND = YES;
				GCC_C_LANGUAGE_STANDARD = gnu11;
				GCC_NO_COMMON_BLOCKS = YES;
				GCC_WARN_64_TO_32_BIT_CONVERSION = YES;
				GCC_WARN_ABOUT_RETURN_TYPE = YES_ERROR;
				GCC_WARN_UNDECLARED_SELECTOR = YES;
				GCC_WARN_UNINITIALIZED_AUTOS = YES_AGGRESSIVE;
				GCC_WARN_UNUSED_FUNCTION = YES;
				GCC_WARN_UNUSED_VARIABLE = YES;
				IPHONEOS_DEPLOYMENT_TARGET = 11.2;
				MTL_ENABLE_DEBUG_INFO = NO;
				SDKROOT = iphoneos;
				SWIFT_OPTIMIZATION_LEVEL = "-Owholemodule";
				VALIDATE_PRODUCT = YES;
			};
			name = Release;
		};
		7AC384A0210C5B0D00E166E9 /* Debug */ = {
			isa = XCBuildConfiguration;
			buildSettings = {
				ASSETCATALOG_COMPILER_APPICON_NAME = AppIcon;
				CODE_SIGN_STYLE = Automatic;
				INFOPLIST_FILE = InstagramProject/Info.plist;
				LD_RUNPATH_SEARCH_PATHS = "$(inherited) @executable_path/Frameworks";
				PRODUCT_BUNDLE_IDENTIFIER = com.Instagram.InstagramProject;
				PRODUCT_NAME = "$(TARGET_NAME)";
				SWIFT_VERSION = 4.0;
				TARGETED_DEVICE_FAMILY = "1,2";
			};
			name = Debug;
		};
		7AC384A1210C5B0D00E166E9 /* Release */ = {
			isa = XCBuildConfiguration;
			buildSettings = {
				ASSETCATALOG_COMPILER_APPICON_NAME = AppIcon;
				CODE_SIGN_STYLE = Automatic;
				INFOPLIST_FILE = InstagramProject/Info.plist;
				LD_RUNPATH_SEARCH_PATHS = "$(inherited) @executable_path/Frameworks";
				PRODUCT_BUNDLE_IDENTIFIER = com.Instagram.InstagramProject;
				PRODUCT_NAME = "$(TARGET_NAME)";
				SWIFT_VERSION = 4.0;
				TARGETED_DEVICE_FAMILY = "1,2";
			};
			name = Release;
		};
		7AC384A3210C5B0D00E166E9 /* Debug */ = {
			isa = XCBuildConfiguration;
			buildSettings = {
				ALWAYS_EMBED_SWIFT_STANDARD_LIBRARIES = YES;
				BUNDLE_LOADER = "$(TEST_HOST)";
				CODE_SIGN_STYLE = Automatic;
				INFOPLIST_FILE = InstagramProjectTests/Info.plist;
				LD_RUNPATH_SEARCH_PATHS = "$(inherited) @executable_path/Frameworks @loader_path/Frameworks";
				PRODUCT_BUNDLE_IDENTIFIER = com.Instagram.InstagramProjectTests;
				PRODUCT_NAME = "$(TARGET_NAME)";
				SWIFT_VERSION = 4.0;
				TARGETED_DEVICE_FAMILY = "1,2";
				TEST_HOST = "$(BUILT_PRODUCTS_DIR)/InstagramProject.app/InstagramProject";
			};
			name = Debug;
		};
		7AC384A4210C5B0D00E166E9 /* Release */ = {
			isa = XCBuildConfiguration;
			buildSettings = {
				ALWAYS_EMBED_SWIFT_STANDARD_LIBRARIES = YES;
				BUNDLE_LOADER = "$(TEST_HOST)";
				CODE_SIGN_STYLE = Automatic;
				INFOPLIST_FILE = InstagramProjectTests/Info.plist;
				LD_RUNPATH_SEARCH_PATHS = "$(inherited) @executable_path/Frameworks @loader_path/Frameworks";
				PRODUCT_BUNDLE_IDENTIFIER = com.Instagram.InstagramProjectTests;
				PRODUCT_NAME = "$(TARGET_NAME)";
				SWIFT_VERSION = 4.0;
				TARGETED_DEVICE_FAMILY = "1,2";
				TEST_HOST = "$(BUILT_PRODUCTS_DIR)/InstagramProject.app/InstagramProject";
			};
			name = Release;
		};
		7AC384A6210C5B0D00E166E9 /* Debug */ = {
			isa = XCBuildConfiguration;
			buildSettings = {
				ALWAYS_EMBED_SWIFT_STANDARD_LIBRARIES = YES;
				CODE_SIGN_STYLE = Automatic;
				INFOPLIST_FILE = InstagramProjectUITests/Info.plist;
				LD_RUNPATH_SEARCH_PATHS = "$(inherited) @executable_path/Frameworks @loader_path/Frameworks";
				PRODUCT_BUNDLE_IDENTIFIER = com.Instagram.InstagramProjectUITests;
				PRODUCT_NAME = "$(TARGET_NAME)";
				SWIFT_VERSION = 4.0;
				TARGETED_DEVICE_FAMILY = "1,2";
				TEST_TARGET_NAME = InstagramProject;
			};
			name = Debug;
		};
		7AC384A7210C5B0D00E166E9 /* Release */ = {
			isa = XCBuildConfiguration;
			buildSettings = {
				ALWAYS_EMBED_SWIFT_STANDARD_LIBRARIES = YES;
				CODE_SIGN_STYLE = Automatic;
				INFOPLIST_FILE = InstagramProjectUITests/Info.plist;
				LD_RUNPATH_SEARCH_PATHS = "$(inherited) @executable_path/Frameworks @loader_path/Frameworks";
				PRODUCT_BUNDLE_IDENTIFIER = com.Instagram.InstagramProjectUITests;
				PRODUCT_NAME = "$(TARGET_NAME)";
				SWIFT_VERSION = 4.0;
				TARGETED_DEVICE_FAMILY = "1,2";
				TEST_TARGET_NAME = InstagramProject;
			};
			name = Release;
		};
/* End XCBuildConfiguration section */

/* Begin XCConfigurationList section */
		7AC3846F210C5B0C00E166E9 /* Build configuration list for PBXProject "InstagramProject" */ = {
			isa = XCConfigurationList;
			buildConfigurations = (
				7AC3849D210C5B0D00E166E9 /* Debug */,
				7AC3849E210C5B0D00E166E9 /* Release */,
			);
			defaultConfigurationIsVisible = 0;
			defaultConfigurationName = Release;
		};
		7AC3849F210C5B0D00E166E9 /* Build configuration list for PBXNativeTarget "InstagramProject" */ = {
			isa = XCConfigurationList;
			buildConfigurations = (
				7AC384A0210C5B0D00E166E9 /* Debug */,
				7AC384A1210C5B0D00E166E9 /* Release */,
			);
			defaultConfigurationIsVisible = 0;
			defaultConfigurationName = Release;
		};
		7AC384A2210C5B0D00E166E9 /* Build configuration list for PBXNativeTarget "InstagramProjectTests" */ = {
			isa = XCConfigurationList;
			buildConfigurations = (
				7AC384A3210C5B0D00E166E9 /* Debug */,
				7AC384A4210C5B0D00E166E9 /* Release */,
			);
			defaultConfigurationIsVisible = 0;
			defaultConfigurationName = Release;
		};
		7AC384A5210C5B0D00E166E9 /* Build configuration list for PBXNativeTarget "InstagramProjectUITests" */ = {
			isa = XCConfigurationList;
			buildConfigurations = (
				7AC384A6210C5B0D00E166E9 /* Debug */,
				7AC384A7210C5B0D00E166E9 /* Release */,
			);
			defaultConfigurationIsVisible = 0;
			defaultConfigurationName = Release;
		};
/* End XCConfigurationList section */

/* Begin XCVersionGroup section */
		7AC3847E210C5B0D00E166E9 /* InstagramProject.xcdatamodeld */ = {
			isa = XCVersionGroup;
			children = (
				7AC3847F210C5B0D00E166E9 /* InstagramProject.xcdatamodel */,
			);
			currentVersion = 7AC3847F210C5B0D00E166E9 /* InstagramProject.xcdatamodel */;
			path = InstagramProject.xcdatamodeld;
			sourceTree = "<group>";
			versionGroupType = wrapper.xcdatamodel;
		};
/* End XCVersionGroup section */
	};
	rootObject = 7AC3846C210C5B0C00E166E9 /* Project object */;
}
